
Microsoft Visual Studio Solution File, Format Version 12.00
# Visual Studio Version 17
VisualStudioVersion = 17.13.35818.85 d17.13
MinimumVisualStudioVersion = 10.0.40219.1
Project("{FAE04EC0-301F-11D3-BF4B-00C04F79EFBC}") = "Aula3", "Aula3\Aula3.csproj", "{D0E8E432-8664-452B-B2FB-27053B5453BF}"
EndProject
Global
	GlobalSection(SolutionConfigurationPlatforms) = preSolution
		Debug|Any CPU = Debug|Any CPU
		Release|Any CPU = Release|Any CPU
	EndGlobalSection
	GlobalSection(ProjectConfigurationPlatforms) = postSolution
		{D0E8E432-8664-452B-B2FB-27053B5453BF}.Debug|Any CPU.ActiveCfg = Debug|Any CPU
		{D0E8E432-8664-452B-B2FB-27053B5453BF}.Debug|Any CPU.Build.0 = Debug|Any CPU
		{D0E8E432-8664-452B-B2FB-27053B5453BF}.Release|Any CPU.ActiveCfg = Release|Any CPU
		{D0E8E432-8664-452B-B2FB-27053B5453BF}.Release|Any CPU.Build.0 = Release|Any CPU
	EndGlobalSection
	GlobalSection(SolutionProperties) = preSolution
		HideSolutionNode = FALSE
	EndGlobalSection
	GlobalSection(ExtensibilityGlobals) = postSolution
		SolutionGuid = {90E3A5CC-BE2A-4C1C-B0C3-A236199C5171}
	EndGlobalSection
EndGlobal
